{
  "name": "dodfetch",
  "version": "0.0.4",
  "lockfileVersion": 3,
  "requires": true,
  "packages": {
    "": {
      "name": "dodfetch",
      "version": "0.0.4",
      "devDependencies": {
        "@cloudflare/workers-types": "^4.20241230.0"
      }
    },
    "node_modules/@cloudflare/workers-types": {
      "version": "4.20250109.0",
      "resolved": "https://registry.npmjs.org/@cloudflare/workers-types/-/workers-types-4.20250109.0.tgz",
      "integrity": "sha512-Y1zgSaEOOevl9ORpzgMcm4j535p3nK2lrblHHvYM2yxR50SBKGh+wvkRFAIxWRfjUGZEU+Fp6923EGioDBbobA==",
      "dev": true,
      "license": "MIT OR Apache-2.0"
    }
  }
}
